
Microsoft Visual Studio Solution File, Format Version 12.00
# Visual Studio Version 16
VisualStudioVersion = 16.0.31410.357
MinimumVisualStudioVersion = 10.0.40219.1
Project("{FAE04EC0-301F-11D3-BF4B-00C04F79EFBC}") = "BlogPortal", "BlogPortal\BlogPortal.csproj", "{3B74B463-B67D-488D-9D13-2A0FD7ACFC44}"
EndProject
Global
	GlobalSection(SolutionConfigurationPlatforms) = preSolution
		Debug|Any CPU = Debug|Any CPU
		Release|Any CPU = Release|Any CPU
	EndGlobalSection
	GlobalSection(ProjectConfigurationPlatforms) = postSolution
		{3B74B463-B67D-488D-9D13-2A0FD7ACFC44}.Debug|Any CPU.ActiveCfg = Debug|Any CPU
		{3B74B463-B67D-488D-9D13-2A0FD7ACFC44}.Debug|Any CPU.Build.0 = Debug|Any CPU
		{3B74B463-B67D-488D-9D13-2A0FD7ACFC44}.Release|Any CPU.ActiveCfg = Release|Any CPU
		{3B74B463-B67D-488D-9D13-2A0FD7ACFC44}.Release|Any CPU.Build.0 = Release|Any CPU
	EndGlobalSection
	GlobalSection(SolutionProperties) = preSolution
		HideSolutionNode = FALSE
	EndGlobalSection
	GlobalSection(ExtensibilityGlobals) = postSolution
		SolutionGuid = {3E261574-E48B-4475-8B44-8F9DBA39C47E}
	EndGlobalSection
EndGlobal
